
Microsoft Visual Studio Solution File, Format Version 12.00
# Visual Studio Version 16
VisualStudioVersion = 16.0.31410.357
MinimumVisualStudioVersion = 10.0.40219.1
Project("{FAE04EC0-301F-11D3-BF4B-00C04F79EFBC}") = "CombineCSVFilesFromTwoFolders", "CombineCSVFilesFromTwoFolders\CombineCSVFilesFromTwoFolders.csproj", "{A3356FFA-65E5-481A-B997-05115445E09B}"
EndProject
Project("{FAE04EC0-301F-11D3-BF4B-00C04F79EFBC}") = "IDEToolBox", "IDEToolBox\IDEToolBox.csproj", "{22B7BBA8-C195-4CEF-BE06-25B000FA4608}"
EndProject
Project("{FAE04EC0-301F-11D3-BF4B-00C04F79EFBC}") = "ViewModelBase", "ViewModelBase\ViewModelBase.csproj", "{5FFF70AF-1E16-4A74-BFB6-A62851827D8A}"
EndProject
Project("{FAE04EC0-301F-11D3-BF4B-00C04F79EFBC}") = "DefinitionModels", "DefinitionModels\DefinitionModels.csproj", "{A3FE14AD-808B-4942-AFF5-DAE3777C8D3E}"
EndProject
Project("{FAE04EC0-301F-11D3-BF4B-00C04F79EFBC}") = "Common", "Common\Common.csproj", "{D225DB40-E42B-470C-88A2-F1C55DF7D3A9}"
EndProject
Global
	GlobalSection(SolutionConfigurationPlatforms) = preSolution
		Debug|Any CPU = Debug|Any CPU
		Release|Any CPU = Release|Any CPU
	EndGlobalSection
	GlobalSection(ProjectConfigurationPlatforms) = postSolution
		{A3356FFA-65E5-481A-B997-05115445E09B}.Debug|Any CPU.ActiveCfg = Debug|Any CPU
		{A3356FFA-65E5-481A-B997-05115445E09B}.Debug|Any CPU.Build.0 = Debug|Any CPU
		{A3356FFA-65E5-481A-B997-05115445E09B}.Release|Any CPU.ActiveCfg = Release|Any CPU
		{A3356FFA-65E5-481A-B997-05115445E09B}.Release|Any CPU.Build.0 = Release|Any CPU
		{22B7BBA8-C195-4CEF-BE06-25B000FA4608}.Debug|Any CPU.ActiveCfg = Debug|Any CPU
		{22B7BBA8-C195-4CEF-BE06-25B000FA4608}.Debug|Any CPU.Build.0 = Debug|Any CPU
		{22B7BBA8-C195-4CEF-BE06-25B000FA4608}.Release|Any CPU.ActiveCfg = Release|Any CPU
		{22B7BBA8-C195-4CEF-BE06-25B000FA4608}.Release|Any CPU.Build.0 = Release|Any CPU
		{5FFF70AF-1E16-4A74-BFB6-A62851827D8A}.Debug|Any CPU.ActiveCfg = Debug|Any CPU
		{5FFF70AF-1E16-4A74-BFB6-A62851827D8A}.Debug|Any CPU.Build.0 = Debug|Any CPU
		{5FFF70AF-1E16-4A74-BFB6-A62851827D8A}.Release|Any CPU.ActiveCfg = Release|Any CPU
		{5FFF70AF-1E16-4A74-BFB6-A62851827D8A}.Release|Any CPU.Build.0 = Release|Any CPU
		{A3FE14AD-808B-4942-AFF5-DAE3777C8D3E}.Debug|Any CPU.ActiveCfg = Debug|Any CPU
		{A3FE14AD-808B-4942-AFF5-DAE3777C8D3E}.Debug|Any CPU.Build.0 = Debug|Any CPU
		{A3FE14AD-808B-4942-AFF5-DAE3777C8D3E}.Release|Any CPU.ActiveCfg = Release|Any CPU
		{A3FE14AD-808B-4942-AFF5-DAE3777C8D3E}.Release|Any CPU.Build.0 = Release|Any CPU
		{D225DB40-E42B-470C-88A2-F1C55DF7D3A9}.Debug|Any CPU.ActiveCfg = Debug|Any CPU
		{D225DB40-E42B-470C-88A2-F1C55DF7D3A9}.Debug|Any CPU.Build.0 = Debug|Any CPU
		{D225DB40-E42B-470C-88A2-F1C55DF7D3A9}.Release|Any CPU.ActiveCfg = Release|Any CPU
		{D225DB40-E42B-470C-88A2-F1C55DF7D3A9}.Release|Any CPU.Build.0 = Release|Any CPU
	EndGlobalSection
	GlobalSection(SolutionProperties) = preSolution
		HideSolutionNode = FALSE
	EndGlobalSection
	GlobalSection(ExtensibilityGlobals) = postSolution
		SolutionGuid = {61897E6F-75A5-48B3-8FD4-A7B4C8BC1971}
	EndGlobalSection
EndGlobal
